
Microsoft Visual Studio Solution File, Format Version 12.00
# Visual Studio 2013
VisualStudioVersion = 12.0.20827.3
MinimumVisualStudioVersion = 10.0.40219.1
Project("{F2A71F9B-5D33-465A-A702-920D77279786}") = "BulgakovAndrey_19", "BulgakovAndrey_19\BulgakovAndrey_19.fsproj", "{FD50D3E3-DC5E-473A-9F33-30312005FDC8}"
EndProject
Global
	GlobalSection(SolutionConfigurationPlatforms) = preSolution
		Debug|Any CPU = Debug|Any CPU
		Release|Any CPU = Release|Any CPU
	EndGlobalSection
	GlobalSection(ProjectConfigurationPlatforms) = postSolution
		{FD50D3E3-DC5E-473A-9F33-30312005FDC8}.Debug|Any CPU.ActiveCfg = Debug|Any CPU
		{FD50D3E3-DC5E-473A-9F33-30312005FDC8}.Debug|Any CPU.Build.0 = Debug|Any CPU
		{FD50D3E3-DC5E-473A-9F33-30312005FDC8}.Release|Any CPU.ActiveCfg = Release|Any CPU
		{FD50D3E3-DC5E-473A-9F33-30312005FDC8}.Release|Any CPU.Build.0 = Release|Any CPU
	EndGlobalSection
	GlobalSection(SolutionProperties) = preSolution
		HideSolutionNode = FALSE
	EndGlobalSection
EndGlobal
