
Microsoft Visual Studio Solution File, Format Version 12.00
# Visual Studio 2012
Project("{F2A71F9B-5D33-465A-A702-920D77279786}") = "task23", "task23\task23.fsproj", "{B0B91BFF-09BE-4ACB-BA38-A1DCB4462BAB}"
EndProject
Global
	GlobalSection(SolutionConfigurationPlatforms) = preSolution
		Debug|Any CPU = Debug|Any CPU
		Release|Any CPU = Release|Any CPU
	EndGlobalSection
	GlobalSection(ProjectConfigurationPlatforms) = postSolution
		{B0B91BFF-09BE-4ACB-BA38-A1DCB4462BAB}.Debug|Any CPU.ActiveCfg = Debug|Any CPU
		{B0B91BFF-09BE-4ACB-BA38-A1DCB4462BAB}.Debug|Any CPU.Build.0 = Debug|Any CPU
		{B0B91BFF-09BE-4ACB-BA38-A1DCB4462BAB}.Release|Any CPU.ActiveCfg = Release|Any CPU
		{B0B91BFF-09BE-4ACB-BA38-A1DCB4462BAB}.Release|Any CPU.Build.0 = Release|Any CPU
	EndGlobalSection
	GlobalSection(SolutionProperties) = preSolution
		HideSolutionNode = FALSE
	EndGlobalSection
EndGlobal
