
Microsoft Visual Studio Solution File, Format Version 12.00
# Visual Studio 2012
Project("{F2A71F9B-5D33-465A-A702-920D77279786}") = "task 27", "task 27\task 27.fsproj", "{4A5C0C21-9B6B-47C5-B696-A6C37CDCA690}"
EndProject
Global
	GlobalSection(SolutionConfigurationPlatforms) = preSolution
		Debug|Any CPU = Debug|Any CPU
		Release|Any CPU = Release|Any CPU
	EndGlobalSection
	GlobalSection(ProjectConfigurationPlatforms) = postSolution
		{4A5C0C21-9B6B-47C5-B696-A6C37CDCA690}.Debug|Any CPU.ActiveCfg = Debug|Any CPU
		{4A5C0C21-9B6B-47C5-B696-A6C37CDCA690}.Debug|Any CPU.Build.0 = Debug|Any CPU
		{4A5C0C21-9B6B-47C5-B696-A6C37CDCA690}.Release|Any CPU.ActiveCfg = Release|Any CPU
		{4A5C0C21-9B6B-47C5-B696-A6C37CDCA690}.Release|Any CPU.Build.0 = Release|Any CPU
	EndGlobalSection
	GlobalSection(SolutionProperties) = preSolution
		HideSolutionNode = FALSE
	EndGlobalSection
EndGlobal
