
Microsoft Visual Studio Solution File, Format Version 12.00
# Visual Studio 2013
VisualStudioVersion = 12.0.20827.3
MinimumVisualStudioVersion = 10.0.40219.1
Project("{F2A71F9B-5D33-465A-A702-920D77279786}") = "Task 24", "Task 24.fsproj", "{8D4120C6-7A71-4283-A988-F6192D53ED5B}"
EndProject
Project("{F2A71F9B-5D33-465A-A702-920D77279786}") = "Task 23", "..\Task 23\Task 23.fsproj", "{2FDCADBC-D045-4DEC-B25B-9FF1E4E00648}"
EndProject
Global
	GlobalSection(SolutionConfigurationPlatforms) = preSolution
		Debug|Any CPU = Debug|Any CPU
		Release|Any CPU = Release|Any CPU
	EndGlobalSection
	GlobalSection(ProjectConfigurationPlatforms) = postSolution
		{8D4120C6-7A71-4283-A988-F6192D53ED5B}.Debug|Any CPU.ActiveCfg = Debug|Any CPU
		{8D4120C6-7A71-4283-A988-F6192D53ED5B}.Debug|Any CPU.Build.0 = Debug|Any CPU
		{8D4120C6-7A71-4283-A988-F6192D53ED5B}.Release|Any CPU.ActiveCfg = Release|Any CPU
		{8D4120C6-7A71-4283-A988-F6192D53ED5B}.Release|Any CPU.Build.0 = Release|Any CPU
		{2FDCADBC-D045-4DEC-B25B-9FF1E4E00648}.Debug|Any CPU.ActiveCfg = Debug|Any CPU
		{2FDCADBC-D045-4DEC-B25B-9FF1E4E00648}.Debug|Any CPU.Build.0 = Debug|Any CPU
		{2FDCADBC-D045-4DEC-B25B-9FF1E4E00648}.Release|Any CPU.ActiveCfg = Release|Any CPU
		{2FDCADBC-D045-4DEC-B25B-9FF1E4E00648}.Release|Any CPU.Build.0 = Release|Any CPU
	EndGlobalSection
	GlobalSection(SolutionProperties) = preSolution
		HideSolutionNode = FALSE
	EndGlobalSection
EndGlobal
