
Microsoft Visual Studio Solution File, Format Version 12.00
# Visual Studio 2013
VisualStudioVersion = 12.0.20827.3
MinimumVisualStudioVersion = 10.0.40219.1
Project("{F2A71F9B-5D33-465A-A702-920D77279786}") = "BulgakovAndrey_16", "BulgakovAndrey_16\BulgakovAndrey_16.fsproj", "{5458238F-EF64-4979-AB3A-2B3C75B16BD1}"
EndProject
Global
	GlobalSection(SolutionConfigurationPlatforms) = preSolution
		Debug|Any CPU = Debug|Any CPU
		Release|Any CPU = Release|Any CPU
	EndGlobalSection
	GlobalSection(ProjectConfigurationPlatforms) = postSolution
		{5458238F-EF64-4979-AB3A-2B3C75B16BD1}.Debug|Any CPU.ActiveCfg = Debug|Any CPU
		{5458238F-EF64-4979-AB3A-2B3C75B16BD1}.Debug|Any CPU.Build.0 = Debug|Any CPU
		{5458238F-EF64-4979-AB3A-2B3C75B16BD1}.Release|Any CPU.ActiveCfg = Release|Any CPU
		{5458238F-EF64-4979-AB3A-2B3C75B16BD1}.Release|Any CPU.Build.0 = Release|Any CPU
	EndGlobalSection
	GlobalSection(SolutionProperties) = preSolution
		HideSolutionNode = FALSE
	EndGlobalSection
EndGlobal
