
Microsoft Visual Studio Solution File, Format Version 12.00
# Visual Studio 2012
Project("{F2A71F9B-5D33-465A-A702-920D77279786}") = "Task 37", "Task 37\Task 37.fsproj", "{1C4A50EF-ACBD-4C88-B40C-7D92FB2B2BD6}"
EndProject
Project("{F2A71F9B-5D33-465A-A702-920D77279786}") = "Task 23", "C:\Users\н\142_13_1\VoronkovNikita\Task 23\Task 23\Task 23.fsproj", "{0B32716C-BAC7-438A-B32A-0206F0614515}"
EndProject
Project("{F2A71F9B-5D33-465A-A702-920D77279786}") = "Task 24", "..\Task 24\Task 24\Task 24.fsproj", "{B987365F-0559-4B92-8E9C-B0D134AE1285}"
EndProject
Global
	GlobalSection(SolutionConfigurationPlatforms) = preSolution
		Debug|Any CPU = Debug|Any CPU
		Release|Any CPU = Release|Any CPU
	EndGlobalSection
	GlobalSection(ProjectConfigurationPlatforms) = postSolution
		{1C4A50EF-ACBD-4C88-B40C-7D92FB2B2BD6}.Debug|Any CPU.ActiveCfg = Debug|Any CPU
		{1C4A50EF-ACBD-4C88-B40C-7D92FB2B2BD6}.Debug|Any CPU.Build.0 = Debug|Any CPU
		{1C4A50EF-ACBD-4C88-B40C-7D92FB2B2BD6}.Release|Any CPU.ActiveCfg = Release|Any CPU
		{1C4A50EF-ACBD-4C88-B40C-7D92FB2B2BD6}.Release|Any CPU.Build.0 = Release|Any CPU
		{0B32716C-BAC7-438A-B32A-0206F0614515}.Debug|Any CPU.ActiveCfg = Debug|Any CPU
		{0B32716C-BAC7-438A-B32A-0206F0614515}.Debug|Any CPU.Build.0 = Debug|Any CPU
		{0B32716C-BAC7-438A-B32A-0206F0614515}.Release|Any CPU.ActiveCfg = Release|Any CPU
		{0B32716C-BAC7-438A-B32A-0206F0614515}.Release|Any CPU.Build.0 = Release|Any CPU
		{B987365F-0559-4B92-8E9C-B0D134AE1285}.Debug|Any CPU.ActiveCfg = Debug|Any CPU
		{B987365F-0559-4B92-8E9C-B0D134AE1285}.Debug|Any CPU.Build.0 = Debug|Any CPU
		{B987365F-0559-4B92-8E9C-B0D134AE1285}.Release|Any CPU.ActiveCfg = Release|Any CPU
		{B987365F-0559-4B92-8E9C-B0D134AE1285}.Release|Any CPU.Build.0 = Release|Any CPU
	EndGlobalSection
	GlobalSection(SolutionProperties) = preSolution
		HideSolutionNode = FALSE
	EndGlobalSection
EndGlobal
