
Microsoft Visual Studio Solution File, Format Version 12.00
# Visual Studio 2012
Project("{F2A71F9B-5D33-465A-A702-920D77279786}") = "6", "6\6.fsproj", "{2A3A3657-80C0-425D-96BA-0FB7E68272BA}"
EndProject
Project("{F2A71F9B-5D33-465A-A702-920D77279786}") = "Tests", "Tests\Tests.fsproj", "{E07CBAEE-2796-480A-9F1A-145ED29A4EA8}"
EndProject
Global
	GlobalSection(SolutionConfigurationPlatforms) = preSolution
		Debug|Any CPU = Debug|Any CPU
		Release|Any CPU = Release|Any CPU
	EndGlobalSection
	GlobalSection(ProjectConfigurationPlatforms) = postSolution
		{2A3A3657-80C0-425D-96BA-0FB7E68272BA}.Debug|Any CPU.ActiveCfg = Debug|Any CPU
		{2A3A3657-80C0-425D-96BA-0FB7E68272BA}.Debug|Any CPU.Build.0 = Debug|Any CPU
		{2A3A3657-80C0-425D-96BA-0FB7E68272BA}.Release|Any CPU.ActiveCfg = Release|Any CPU
		{2A3A3657-80C0-425D-96BA-0FB7E68272BA}.Release|Any CPU.Build.0 = Release|Any CPU
		{E07CBAEE-2796-480A-9F1A-145ED29A4EA8}.Debug|Any CPU.ActiveCfg = Debug|Any CPU
		{E07CBAEE-2796-480A-9F1A-145ED29A4EA8}.Debug|Any CPU.Build.0 = Debug|Any CPU
		{E07CBAEE-2796-480A-9F1A-145ED29A4EA8}.Release|Any CPU.ActiveCfg = Release|Any CPU
		{E07CBAEE-2796-480A-9F1A-145ED29A4EA8}.Release|Any CPU.Build.0 = Release|Any CPU
	EndGlobalSection
	GlobalSection(SolutionProperties) = preSolution
		HideSolutionNode = FALSE
	EndGlobalSection
EndGlobal
