
Microsoft Visual Studio Solution File, Format Version 12.00
# Visual Studio 2012
Project("{F2A71F9B-5D33-465A-A702-920D77279786}") = "Vereshchagina_17", "Vereshchagina_17\Vereshchagina_17.fsproj", "{13BC3846-BC35-4E36-A850-5B486959E241}"
EndProject
Global
	GlobalSection(SolutionConfigurationPlatforms) = preSolution
		Debug|Any CPU = Debug|Any CPU
		Release|Any CPU = Release|Any CPU
	EndGlobalSection
	GlobalSection(ProjectConfigurationPlatforms) = postSolution
		{13BC3846-BC35-4E36-A850-5B486959E241}.Debug|Any CPU.ActiveCfg = Debug|Any CPU
		{13BC3846-BC35-4E36-A850-5B486959E241}.Debug|Any CPU.Build.0 = Debug|Any CPU
		{13BC3846-BC35-4E36-A850-5B486959E241}.Release|Any CPU.ActiveCfg = Release|Any CPU
		{13BC3846-BC35-4E36-A850-5B486959E241}.Release|Any CPU.Build.0 = Release|Any CPU
	EndGlobalSection
	GlobalSection(SolutionProperties) = preSolution
		HideSolutionNode = FALSE
	EndGlobalSection
EndGlobal
