
Microsoft Visual Studio Solution File, Format Version 12.00
# Visual Studio 2013
VisualStudioVersion = 12.0.20617.1 PREVIEW
MinimumVisualStudioVersion = 10.0.40219.1
Project("{F2A71F9B-5D33-465A-A702-920D77279786}") = "NikolayFin_24", "NikolayFin_24\NikolayFin_24.fsproj", "{56F742ED-1344-450D-A55B-B9D967AAFBA5}"
EndProject
Project("{F2A71F9B-5D33-465A-A702-920D77279786}") = "NikolayFin_23", "..\NikolayFin_23\NikolayFin_23\NikolayFin_23.fsproj", "{C72CCC86-929C-4C41-864F-0CFF32AAE7F4}"
EndProject
Global
	GlobalSection(SolutionConfigurationPlatforms) = preSolution
		Debug|Any CPU = Debug|Any CPU
		Release|Any CPU = Release|Any CPU
	EndGlobalSection
	GlobalSection(ProjectConfigurationPlatforms) = postSolution
		{56F742ED-1344-450D-A55B-B9D967AAFBA5}.Debug|Any CPU.ActiveCfg = Debug|Any CPU
		{56F742ED-1344-450D-A55B-B9D967AAFBA5}.Debug|Any CPU.Build.0 = Debug|Any CPU
		{56F742ED-1344-450D-A55B-B9D967AAFBA5}.Release|Any CPU.ActiveCfg = Release|Any CPU
		{56F742ED-1344-450D-A55B-B9D967AAFBA5}.Release|Any CPU.Build.0 = Release|Any CPU
		{C72CCC86-929C-4C41-864F-0CFF32AAE7F4}.Debug|Any CPU.ActiveCfg = Debug|Any CPU
		{C72CCC86-929C-4C41-864F-0CFF32AAE7F4}.Debug|Any CPU.Build.0 = Debug|Any CPU
		{C72CCC86-929C-4C41-864F-0CFF32AAE7F4}.Release|Any CPU.ActiveCfg = Release|Any CPU
		{C72CCC86-929C-4C41-864F-0CFF32AAE7F4}.Release|Any CPU.Build.0 = Release|Any CPU
	EndGlobalSection
	GlobalSection(SolutionProperties) = preSolution
		HideSolutionNode = FALSE
	EndGlobalSection
EndGlobal
