
Microsoft Visual Studio Solution File, Format Version 12.00
# Visual Studio 2012
Project("{F2A71F9B-5D33-465A-A702-920D77279786}") = "mainFilter (task 20)", "mainFilter (task 20)\mainFilter (task 20).fsproj", "{1977089E-6A90-4658-9BDB-7A5B4898FBBB}"
EndProject
Global
	GlobalSection(SolutionConfigurationPlatforms) = preSolution
		Debug|Any CPU = Debug|Any CPU
		Release|Any CPU = Release|Any CPU
	EndGlobalSection
	GlobalSection(ProjectConfigurationPlatforms) = postSolution
		{1977089E-6A90-4658-9BDB-7A5B4898FBBB}.Debug|Any CPU.ActiveCfg = Debug|Any CPU
		{1977089E-6A90-4658-9BDB-7A5B4898FBBB}.Debug|Any CPU.Build.0 = Debug|Any CPU
		{1977089E-6A90-4658-9BDB-7A5B4898FBBB}.Release|Any CPU.ActiveCfg = Release|Any CPU
		{1977089E-6A90-4658-9BDB-7A5B4898FBBB}.Release|Any CPU.Build.0 = Release|Any CPU
	EndGlobalSection
	GlobalSection(SolutionProperties) = preSolution
		HideSolutionNode = FALSE
	EndGlobalSection
EndGlobal
