
Microsoft Visual Studio Solution File, Format Version 12.00
# Visual Studio 2012
Project("{F2A71F9B-5D33-465A-A702-920D77279786}") = "Task26_HashAll", "Task26_HashAll\Task26_HashAll.fsproj", "{0CC36AF9-215F-4362-8251-D9FF5A192D7F}"
EndProject
Project("{F2A71F9B-5D33-465A-A702-920D77279786}") = "ZhukovaLyubov_25", "..\ZhukovaLyubov_25\ZhukovaLyubov_25\ZhukovaLyubov_25.fsproj", "{6152785F-D90E-4933-974D-6CB9E129DD83}"
EndProject
Global
	GlobalSection(SolutionConfigurationPlatforms) = preSolution
		Debug|Any CPU = Debug|Any CPU
		Release|Any CPU = Release|Any CPU
	EndGlobalSection
	GlobalSection(ProjectConfigurationPlatforms) = postSolution
		{0CC36AF9-215F-4362-8251-D9FF5A192D7F}.Debug|Any CPU.ActiveCfg = Debug|Any CPU
		{0CC36AF9-215F-4362-8251-D9FF5A192D7F}.Debug|Any CPU.Build.0 = Debug|Any CPU
		{0CC36AF9-215F-4362-8251-D9FF5A192D7F}.Release|Any CPU.ActiveCfg = Release|Any CPU
		{0CC36AF9-215F-4362-8251-D9FF5A192D7F}.Release|Any CPU.Build.0 = Release|Any CPU
		{6152785F-D90E-4933-974D-6CB9E129DD83}.Debug|Any CPU.ActiveCfg = Debug|Any CPU
		{6152785F-D90E-4933-974D-6CB9E129DD83}.Debug|Any CPU.Build.0 = Debug|Any CPU
		{6152785F-D90E-4933-974D-6CB9E129DD83}.Release|Any CPU.ActiveCfg = Release|Any CPU
		{6152785F-D90E-4933-974D-6CB9E129DD83}.Release|Any CPU.Build.0 = Release|Any CPU
	EndGlobalSection
	GlobalSection(SolutionProperties) = preSolution
		HideSolutionNode = FALSE
	EndGlobalSection
EndGlobal
