
Microsoft Visual Studio Solution File, Format Version 12.00
# Visual Studio 2012
Project("{F2A71F9B-5D33-465A-A702-920D77279786}") = "Task20_Delete", "Task20_Delete\Task20_Delete.fsproj", "{E31D7D27-43A0-4B95-98ED-D1722AEF08DA}"
EndProject
Global
	GlobalSection(SolutionConfigurationPlatforms) = preSolution
		Debug|Any CPU = Debug|Any CPU
		Release|Any CPU = Release|Any CPU
	EndGlobalSection
	GlobalSection(ProjectConfigurationPlatforms) = postSolution
		{E31D7D27-43A0-4B95-98ED-D1722AEF08DA}.Debug|Any CPU.ActiveCfg = Debug|Any CPU
		{E31D7D27-43A0-4B95-98ED-D1722AEF08DA}.Debug|Any CPU.Build.0 = Debug|Any CPU
		{E31D7D27-43A0-4B95-98ED-D1722AEF08DA}.Release|Any CPU.ActiveCfg = Release|Any CPU
		{E31D7D27-43A0-4B95-98ED-D1722AEF08DA}.Release|Any CPU.Build.0 = Release|Any CPU
	EndGlobalSection
	GlobalSection(SolutionProperties) = preSolution
		HideSolutionNode = FALSE
	EndGlobalSection
EndGlobal
