
Microsoft Visual Studio Solution File, Format Version 12.00
# Visual Studio 2012
Project("{F2A71F9B-5D33-465A-A702-920D77279786}") = "9", "9\9.fsproj", "{645BBE8D-A93D-4264-AFC4-C39831DBDC8C}"
EndProject
Project("{F2A71F9B-5D33-465A-A702-920D77279786}") = "Tests", "Tests\Tests.fsproj", "{1ED7054C-7DA1-4998-A791-7B90EB556AFE}"
EndProject
Global
	GlobalSection(SolutionConfigurationPlatforms) = preSolution
		Debug|Any CPU = Debug|Any CPU
		Release|Any CPU = Release|Any CPU
	EndGlobalSection
	GlobalSection(ProjectConfigurationPlatforms) = postSolution
		{645BBE8D-A93D-4264-AFC4-C39831DBDC8C}.Debug|Any CPU.ActiveCfg = Debug|Any CPU
		{645BBE8D-A93D-4264-AFC4-C39831DBDC8C}.Debug|Any CPU.Build.0 = Debug|Any CPU
		{645BBE8D-A93D-4264-AFC4-C39831DBDC8C}.Release|Any CPU.ActiveCfg = Release|Any CPU
		{645BBE8D-A93D-4264-AFC4-C39831DBDC8C}.Release|Any CPU.Build.0 = Release|Any CPU
		{1ED7054C-7DA1-4998-A791-7B90EB556AFE}.Debug|Any CPU.ActiveCfg = Debug|Any CPU
		{1ED7054C-7DA1-4998-A791-7B90EB556AFE}.Debug|Any CPU.Build.0 = Debug|Any CPU
		{1ED7054C-7DA1-4998-A791-7B90EB556AFE}.Release|Any CPU.ActiveCfg = Release|Any CPU
		{1ED7054C-7DA1-4998-A791-7B90EB556AFE}.Release|Any CPU.Build.0 = Release|Any CPU
	EndGlobalSection
	GlobalSection(SolutionProperties) = preSolution
		HideSolutionNode = FALSE
	EndGlobalSection
EndGlobal
