
Microsoft Visual Studio Solution File, Format Version 12.00
# Visual Studio 2012
Project("{F2A71F9B-5D33-465A-A702-920D77279786}") = "22", "22\22.fsproj", "{03C115CF-3E5E-41F3-AF09-AAED24E3A580}"
EndProject
Project("{F2A71F9B-5D33-465A-A702-920D77279786}") = "Tests", "Tests\Tests.fsproj", "{C9CC9379-E2FE-4806-AF7E-CFBC5AB8D131}"
EndProject
Global
	GlobalSection(SolutionConfigurationPlatforms) = preSolution
		Debug|Any CPU = Debug|Any CPU
		Release|Any CPU = Release|Any CPU
	EndGlobalSection
	GlobalSection(ProjectConfigurationPlatforms) = postSolution
		{03C115CF-3E5E-41F3-AF09-AAED24E3A580}.Debug|Any CPU.ActiveCfg = Debug|Any CPU
		{03C115CF-3E5E-41F3-AF09-AAED24E3A580}.Debug|Any CPU.Build.0 = Debug|Any CPU
		{03C115CF-3E5E-41F3-AF09-AAED24E3A580}.Release|Any CPU.ActiveCfg = Release|Any CPU
		{03C115CF-3E5E-41F3-AF09-AAED24E3A580}.Release|Any CPU.Build.0 = Release|Any CPU
		{C9CC9379-E2FE-4806-AF7E-CFBC5AB8D131}.Debug|Any CPU.ActiveCfg = Debug|Any CPU
		{C9CC9379-E2FE-4806-AF7E-CFBC5AB8D131}.Debug|Any CPU.Build.0 = Debug|Any CPU
		{C9CC9379-E2FE-4806-AF7E-CFBC5AB8D131}.Release|Any CPU.ActiveCfg = Release|Any CPU
		{C9CC9379-E2FE-4806-AF7E-CFBC5AB8D131}.Release|Any CPU.Build.0 = Release|Any CPU
	EndGlobalSection
	GlobalSection(SolutionProperties) = preSolution
		HideSolutionNode = FALSE
	EndGlobalSection
EndGlobal
