
Microsoft Visual Studio Solution File, Format Version 12.00
# Visual Studio 2012
Project("{F2A71F9B-5D33-465A-A702-920D77279786}") = "task16", "task16\task16.fsproj", "{BD28E67F-E329-4003-8705-729E671FBCE1}"
EndProject
Global
	GlobalSection(SolutionConfigurationPlatforms) = preSolution
		Debug|Any CPU = Debug|Any CPU
		Release|Any CPU = Release|Any CPU
	EndGlobalSection
	GlobalSection(ProjectConfigurationPlatforms) = postSolution
		{BD28E67F-E329-4003-8705-729E671FBCE1}.Debug|Any CPU.ActiveCfg = Debug|Any CPU
		{BD28E67F-E329-4003-8705-729E671FBCE1}.Debug|Any CPU.Build.0 = Debug|Any CPU
		{BD28E67F-E329-4003-8705-729E671FBCE1}.Release|Any CPU.ActiveCfg = Release|Any CPU
		{BD28E67F-E329-4003-8705-729E671FBCE1}.Release|Any CPU.Build.0 = Release|Any CPU
	EndGlobalSection
	GlobalSection(SolutionProperties) = preSolution
		HideSolutionNode = FALSE
	EndGlobalSection
EndGlobal
