
Microsoft Visual Studio Solution File, Format Version 12.00
# Visual Studio 2013
VisualStudioVersion = 12.0.20827.3
MinimumVisualStudioVersion = 10.0.40219.1
Project("{F2A71F9B-5D33-465A-A702-920D77279786}") = "Task 18", "Task 18.fsproj", "{A7D851A4-9391-4752-840C-E307614E5224}"
EndProject
Project("{F2A71F9B-5D33-465A-A702-920D77279786}") = "Task 16", "..\..\142_13_1\KovalevDmitry\Task 16\Task 16.fsproj", "{7D705D4A-EAC8-4B67-85F2-256DC73CCE09}"
EndProject
Project("{F2A71F9B-5D33-465A-A702-920D77279786}") = "Task 17", "..\..\142_13_1\KovalevDmitry\Task 17\Task 17.fsproj", "{F01D20D2-F151-4133-B7B7-79AFF4F1677A}"
EndProject
Global
	GlobalSection(SolutionConfigurationPlatforms) = preSolution
		Debug|Any CPU = Debug|Any CPU
		Release|Any CPU = Release|Any CPU
	EndGlobalSection
	GlobalSection(ProjectConfigurationPlatforms) = postSolution
		{A7D851A4-9391-4752-840C-E307614E5224}.Debug|Any CPU.ActiveCfg = Debug|Any CPU
		{A7D851A4-9391-4752-840C-E307614E5224}.Debug|Any CPU.Build.0 = Debug|Any CPU
		{A7D851A4-9391-4752-840C-E307614E5224}.Release|Any CPU.ActiveCfg = Release|Any CPU
		{A7D851A4-9391-4752-840C-E307614E5224}.Release|Any CPU.Build.0 = Release|Any CPU
		{7D705D4A-EAC8-4B67-85F2-256DC73CCE09}.Debug|Any CPU.ActiveCfg = Debug|Any CPU
		{7D705D4A-EAC8-4B67-85F2-256DC73CCE09}.Debug|Any CPU.Build.0 = Debug|Any CPU
		{7D705D4A-EAC8-4B67-85F2-256DC73CCE09}.Release|Any CPU.ActiveCfg = Release|Any CPU
		{7D705D4A-EAC8-4B67-85F2-256DC73CCE09}.Release|Any CPU.Build.0 = Release|Any CPU
		{F01D20D2-F151-4133-B7B7-79AFF4F1677A}.Debug|Any CPU.ActiveCfg = Debug|Any CPU
		{F01D20D2-F151-4133-B7B7-79AFF4F1677A}.Debug|Any CPU.Build.0 = Debug|Any CPU
		{F01D20D2-F151-4133-B7B7-79AFF4F1677A}.Release|Any CPU.ActiveCfg = Release|Any CPU
		{F01D20D2-F151-4133-B7B7-79AFF4F1677A}.Release|Any CPU.Build.0 = Release|Any CPU
	EndGlobalSection
	GlobalSection(SolutionProperties) = preSolution
		HideSolutionNode = FALSE
	EndGlobalSection
EndGlobal
