
Microsoft Visual Studio Solution File, Format Version 12.00
# Visual Studio 2012
Project("{F2A71F9B-5D33-465A-A702-920D77279786}") = "task24", "task24\task24.fsproj", "{2AB94A1A-7664-4A7A-A866-D1E42E994908}"
EndProject
Global
	GlobalSection(SolutionConfigurationPlatforms) = preSolution
		Debug|Any CPU = Debug|Any CPU
		Release|Any CPU = Release|Any CPU
	EndGlobalSection
	GlobalSection(ProjectConfigurationPlatforms) = postSolution
		{2AB94A1A-7664-4A7A-A866-D1E42E994908}.Debug|Any CPU.ActiveCfg = Debug|Any CPU
		{2AB94A1A-7664-4A7A-A866-D1E42E994908}.Debug|Any CPU.Build.0 = Debug|Any CPU
		{2AB94A1A-7664-4A7A-A866-D1E42E994908}.Release|Any CPU.ActiveCfg = Release|Any CPU
		{2AB94A1A-7664-4A7A-A866-D1E42E994908}.Release|Any CPU.Build.0 = Release|Any CPU
	EndGlobalSection
	GlobalSection(SolutionProperties) = preSolution
		HideSolutionNode = FALSE
	EndGlobalSection
EndGlobal
