
Microsoft Visual Studio Solution File, Format Version 12.00
# Visual Studio 2013
VisualStudioVersion = 12.0.20617.1 PREVIEW
MinimumVisualStudioVersion = 10.0.40219.1
Project("{F2A71F9B-5D33-465A-A702-920D77279786}") = "NikolayFin_18", "NikolayFin_18\NikolayFin_18.fsproj", "{3A8E44F2-1183-4325-9F4D-C973B4E0418D}"
EndProject
Project("{F2A71F9B-5D33-465A-A702-920D77279786}") = "NikolayFin_16", "..\NikolayFin_16\NikolayFin_16\NikolayFin_16.fsproj", "{3F25FBBB-0275-4687-BB1A-682C8B60674B}"
EndProject
Project("{F2A71F9B-5D33-465A-A702-920D77279786}") = "NikolayFin_17", "..\NikolayFin_17\NikolayFin_17\NikolayFin_17.fsproj", "{44581DA5-695E-4F8D-B7BB-00B283C1EAB3}"
EndProject
Global
	GlobalSection(SolutionConfigurationPlatforms) = preSolution
		Debug|Any CPU = Debug|Any CPU
		Release|Any CPU = Release|Any CPU
	EndGlobalSection
	GlobalSection(ProjectConfigurationPlatforms) = postSolution
		{3A8E44F2-1183-4325-9F4D-C973B4E0418D}.Debug|Any CPU.ActiveCfg = Debug|Any CPU
		{3A8E44F2-1183-4325-9F4D-C973B4E0418D}.Debug|Any CPU.Build.0 = Debug|Any CPU
		{3A8E44F2-1183-4325-9F4D-C973B4E0418D}.Release|Any CPU.ActiveCfg = Release|Any CPU
		{3A8E44F2-1183-4325-9F4D-C973B4E0418D}.Release|Any CPU.Build.0 = Release|Any CPU
		{3F25FBBB-0275-4687-BB1A-682C8B60674B}.Debug|Any CPU.ActiveCfg = Debug|Any CPU
		{3F25FBBB-0275-4687-BB1A-682C8B60674B}.Debug|Any CPU.Build.0 = Debug|Any CPU
		{3F25FBBB-0275-4687-BB1A-682C8B60674B}.Release|Any CPU.ActiveCfg = Release|Any CPU
		{3F25FBBB-0275-4687-BB1A-682C8B60674B}.Release|Any CPU.Build.0 = Release|Any CPU
		{44581DA5-695E-4F8D-B7BB-00B283C1EAB3}.Debug|Any CPU.ActiveCfg = Debug|Any CPU
		{44581DA5-695E-4F8D-B7BB-00B283C1EAB3}.Debug|Any CPU.Build.0 = Debug|Any CPU
		{44581DA5-695E-4F8D-B7BB-00B283C1EAB3}.Release|Any CPU.ActiveCfg = Release|Any CPU
		{44581DA5-695E-4F8D-B7BB-00B283C1EAB3}.Release|Any CPU.Build.0 = Release|Any CPU
	EndGlobalSection
	GlobalSection(SolutionProperties) = preSolution
		HideSolutionNode = FALSE
	EndGlobalSection
EndGlobal
