
Microsoft Visual Studio Solution File, Format Version 12.00
# Visual Studio 2012
Project("{F2A71F9B-5D33-465A-A702-920D77279786}") = "task40", "task40\task40.fsproj", "{0B5647E7-59F6-4816-94DF-21AB0A758D66}"
EndProject
Global
	GlobalSection(SolutionConfigurationPlatforms) = preSolution
		Debug|Any CPU = Debug|Any CPU
		Release|Any CPU = Release|Any CPU
	EndGlobalSection
	GlobalSection(ProjectConfigurationPlatforms) = postSolution
		{0B5647E7-59F6-4816-94DF-21AB0A758D66}.Debug|Any CPU.ActiveCfg = Debug|Any CPU
		{0B5647E7-59F6-4816-94DF-21AB0A758D66}.Debug|Any CPU.Build.0 = Debug|Any CPU
		{0B5647E7-59F6-4816-94DF-21AB0A758D66}.Release|Any CPU.ActiveCfg = Release|Any CPU
		{0B5647E7-59F6-4816-94DF-21AB0A758D66}.Release|Any CPU.Build.0 = Release|Any CPU
	EndGlobalSection
	GlobalSection(SolutionProperties) = preSolution
		HideSolutionNode = FALSE
	EndGlobalSection
EndGlobal
