
Microsoft Visual Studio Solution File, Format Version 12.00
# Visual Studio 2012
Project("{F2A71F9B-5D33-465A-A702-920D77279786}") = "27", "27\27.fsproj", "{DFA4080A-4CAD-4C81-9D9D-F3C013F206F2}"
EndProject
Project("{F2A71F9B-5D33-465A-A702-920D77279786}") = "Tests", "Tests\Tests.fsproj", "{C71D3DCA-D548-4588-9A4E-2B0032DDC2D9}"
EndProject
Global
	GlobalSection(SolutionConfigurationPlatforms) = preSolution
		Debug|Any CPU = Debug|Any CPU
		Release|Any CPU = Release|Any CPU
	EndGlobalSection
	GlobalSection(ProjectConfigurationPlatforms) = postSolution
		{DFA4080A-4CAD-4C81-9D9D-F3C013F206F2}.Debug|Any CPU.ActiveCfg = Debug|Any CPU
		{DFA4080A-4CAD-4C81-9D9D-F3C013F206F2}.Debug|Any CPU.Build.0 = Debug|Any CPU
		{DFA4080A-4CAD-4C81-9D9D-F3C013F206F2}.Release|Any CPU.ActiveCfg = Release|Any CPU
		{DFA4080A-4CAD-4C81-9D9D-F3C013F206F2}.Release|Any CPU.Build.0 = Release|Any CPU
		{C71D3DCA-D548-4588-9A4E-2B0032DDC2D9}.Debug|Any CPU.ActiveCfg = Debug|Any CPU
		{C71D3DCA-D548-4588-9A4E-2B0032DDC2D9}.Debug|Any CPU.Build.0 = Debug|Any CPU
		{C71D3DCA-D548-4588-9A4E-2B0032DDC2D9}.Release|Any CPU.ActiveCfg = Release|Any CPU
		{C71D3DCA-D548-4588-9A4E-2B0032DDC2D9}.Release|Any CPU.Build.0 = Release|Any CPU
	EndGlobalSection
	GlobalSection(SolutionProperties) = preSolution
		HideSolutionNode = FALSE
	EndGlobalSection
EndGlobal
