
Microsoft Visual Studio Solution File, Format Version 12.00
# Visual Studio 2012
Project("{F2A71F9B-5D33-465A-A702-920D77279786}") = "GovorukhaOksana_22", "GovorukhaOksana_22\GovorukhaOksana_22.fsproj", "{4A1CE751-8522-4ED7-A718-CE483722A0A1}"
EndProject
Global
	GlobalSection(SolutionConfigurationPlatforms) = preSolution
		Debug|Any CPU = Debug|Any CPU
		Release|Any CPU = Release|Any CPU
	EndGlobalSection
	GlobalSection(ProjectConfigurationPlatforms) = postSolution
		{4A1CE751-8522-4ED7-A718-CE483722A0A1}.Debug|Any CPU.ActiveCfg = Debug|Any CPU
		{4A1CE751-8522-4ED7-A718-CE483722A0A1}.Debug|Any CPU.Build.0 = Debug|Any CPU
		{4A1CE751-8522-4ED7-A718-CE483722A0A1}.Release|Any CPU.ActiveCfg = Release|Any CPU
		{4A1CE751-8522-4ED7-A718-CE483722A0A1}.Release|Any CPU.Build.0 = Release|Any CPU
	EndGlobalSection
	GlobalSection(SolutionProperties) = preSolution
		HideSolutionNode = FALSE
	EndGlobalSection
EndGlobal
