
Microsoft Visual Studio Solution File, Format Version 12.00
# Visual Studio 2012
Project("{F2A71F9B-5D33-465A-A702-920D77279786}") = "26", "26\26.fsproj", "{C132D00D-FE27-4E77-8626-FF6011DD6F7F}"
EndProject
Project("{F2A71F9B-5D33-465A-A702-920D77279786}") = "Tests", "Tests\Tests.fsproj", "{E1A10E4A-7440-4EEF-8E35-E28A23F12B50}"
EndProject
Global
	GlobalSection(SolutionConfigurationPlatforms) = preSolution
		Debug|Any CPU = Debug|Any CPU
		Release|Any CPU = Release|Any CPU
	EndGlobalSection
	GlobalSection(ProjectConfigurationPlatforms) = postSolution
		{C132D00D-FE27-4E77-8626-FF6011DD6F7F}.Debug|Any CPU.ActiveCfg = Debug|Any CPU
		{C132D00D-FE27-4E77-8626-FF6011DD6F7F}.Debug|Any CPU.Build.0 = Debug|Any CPU
		{C132D00D-FE27-4E77-8626-FF6011DD6F7F}.Release|Any CPU.ActiveCfg = Release|Any CPU
		{C132D00D-FE27-4E77-8626-FF6011DD6F7F}.Release|Any CPU.Build.0 = Release|Any CPU
		{E1A10E4A-7440-4EEF-8E35-E28A23F12B50}.Debug|Any CPU.ActiveCfg = Debug|Any CPU
		{E1A10E4A-7440-4EEF-8E35-E28A23F12B50}.Debug|Any CPU.Build.0 = Debug|Any CPU
		{E1A10E4A-7440-4EEF-8E35-E28A23F12B50}.Release|Any CPU.ActiveCfg = Release|Any CPU
		{E1A10E4A-7440-4EEF-8E35-E28A23F12B50}.Release|Any CPU.Build.0 = Release|Any CPU
	EndGlobalSection
	GlobalSection(SolutionProperties) = preSolution
		HideSolutionNode = FALSE
	EndGlobalSection
EndGlobal
