
Microsoft Visual Studio Solution File, Format Version 12.00
# Visual Studio 2012
Project("{F2A71F9B-5D33-465A-A702-920D77279786}") = "13", "13\13.fsproj", "{B58D498F-A853-411A-9B6D-E4E2164FEDB6}"
EndProject
Global
	GlobalSection(SolutionConfigurationPlatforms) = preSolution
		Debug|Any CPU = Debug|Any CPU
		Release|Any CPU = Release|Any CPU
	EndGlobalSection
	GlobalSection(ProjectConfigurationPlatforms) = postSolution
		{B58D498F-A853-411A-9B6D-E4E2164FEDB6}.Debug|Any CPU.ActiveCfg = Debug|Any CPU
		{B58D498F-A853-411A-9B6D-E4E2164FEDB6}.Debug|Any CPU.Build.0 = Debug|Any CPU
		{B58D498F-A853-411A-9B6D-E4E2164FEDB6}.Release|Any CPU.ActiveCfg = Release|Any CPU
		{B58D498F-A853-411A-9B6D-E4E2164FEDB6}.Release|Any CPU.Build.0 = Release|Any CPU
	EndGlobalSection
	GlobalSection(SolutionProperties) = preSolution
		HideSolutionNode = FALSE
	EndGlobalSection
EndGlobal
