
Microsoft Visual Studio Solution File, Format Version 12.00
# Visual Studio 2012
Project("{F2A71F9B-5D33-465A-A702-920D77279786}") = "20", "20\20.fsproj", "{F34653FD-A7CD-41AA-ABDA-17E0EBDEEA11}"
EndProject
Project("{F2A71F9B-5D33-465A-A702-920D77279786}") = "Tests", "Tests\Tests.fsproj", "{6C3BBB74-7DCB-4FAC-B77B-21C6091BA4BF}"
EndProject
Global
	GlobalSection(SolutionConfigurationPlatforms) = preSolution
		Debug|Any CPU = Debug|Any CPU
		Release|Any CPU = Release|Any CPU
	EndGlobalSection
	GlobalSection(ProjectConfigurationPlatforms) = postSolution
		{F34653FD-A7CD-41AA-ABDA-17E0EBDEEA11}.Debug|Any CPU.ActiveCfg = Debug|Any CPU
		{F34653FD-A7CD-41AA-ABDA-17E0EBDEEA11}.Debug|Any CPU.Build.0 = Debug|Any CPU
		{F34653FD-A7CD-41AA-ABDA-17E0EBDEEA11}.Release|Any CPU.ActiveCfg = Release|Any CPU
		{F34653FD-A7CD-41AA-ABDA-17E0EBDEEA11}.Release|Any CPU.Build.0 = Release|Any CPU
		{6C3BBB74-7DCB-4FAC-B77B-21C6091BA4BF}.Debug|Any CPU.ActiveCfg = Debug|Any CPU
		{6C3BBB74-7DCB-4FAC-B77B-21C6091BA4BF}.Debug|Any CPU.Build.0 = Debug|Any CPU
		{6C3BBB74-7DCB-4FAC-B77B-21C6091BA4BF}.Release|Any CPU.ActiveCfg = Release|Any CPU
		{6C3BBB74-7DCB-4FAC-B77B-21C6091BA4BF}.Release|Any CPU.Build.0 = Release|Any CPU
	EndGlobalSection
	GlobalSection(SolutionProperties) = preSolution
		HideSolutionNode = FALSE
	EndGlobalSection
EndGlobal
