
Microsoft Visual Studio Solution File, Format Version 12.00
# Visual Studio 2012
Project("{F2A71F9B-5D33-465A-A702-920D77279786}") = "5", "5\5.fsproj", "{00BB905A-8340-4D68-AEB4-E186EFCFEE56}"
EndProject
Project("{F2A71F9B-5D33-465A-A702-920D77279786}") = "Tests", "Tests\Tests.fsproj", "{59E37242-4E70-4E75-9C32-5183D517778C}"
EndProject
Global
	GlobalSection(SolutionConfigurationPlatforms) = preSolution
		Debug|Any CPU = Debug|Any CPU
		Release|Any CPU = Release|Any CPU
	EndGlobalSection
	GlobalSection(ProjectConfigurationPlatforms) = postSolution
		{00BB905A-8340-4D68-AEB4-E186EFCFEE56}.Debug|Any CPU.ActiveCfg = Debug|Any CPU
		{00BB905A-8340-4D68-AEB4-E186EFCFEE56}.Debug|Any CPU.Build.0 = Debug|Any CPU
		{00BB905A-8340-4D68-AEB4-E186EFCFEE56}.Release|Any CPU.ActiveCfg = Release|Any CPU
		{00BB905A-8340-4D68-AEB4-E186EFCFEE56}.Release|Any CPU.Build.0 = Release|Any CPU
		{59E37242-4E70-4E75-9C32-5183D517778C}.Debug|Any CPU.ActiveCfg = Debug|Any CPU
		{59E37242-4E70-4E75-9C32-5183D517778C}.Debug|Any CPU.Build.0 = Debug|Any CPU
		{59E37242-4E70-4E75-9C32-5183D517778C}.Release|Any CPU.ActiveCfg = Release|Any CPU
		{59E37242-4E70-4E75-9C32-5183D517778C}.Release|Any CPU.Build.0 = Release|Any CPU
	EndGlobalSection
	GlobalSection(SolutionProperties) = preSolution
		HideSolutionNode = FALSE
	EndGlobalSection
EndGlobal
