
Microsoft Visual Studio Solution File, Format Version 12.00
# Visual Studio 2013
VisualStudioVersion = 12.0.20617.1 PREVIEW
MinimumVisualStudioVersion = 10.0.40219.1
Project("{F2A71F9B-5D33-465A-A702-920D77279786}") = "TreeInf", "TreeInf\TreeInf.fsproj", "{BB2DD6DB-3994-4E99-86A4-93999085EE26}"
EndProject
Global
	GlobalSection(SolutionConfigurationPlatforms) = preSolution
		Debug|Any CPU = Debug|Any CPU
		Release|Any CPU = Release|Any CPU
	EndGlobalSection
	GlobalSection(ProjectConfigurationPlatforms) = postSolution
		{BB2DD6DB-3994-4E99-86A4-93999085EE26}.Debug|Any CPU.ActiveCfg = Debug|Any CPU
		{BB2DD6DB-3994-4E99-86A4-93999085EE26}.Debug|Any CPU.Build.0 = Debug|Any CPU
		{BB2DD6DB-3994-4E99-86A4-93999085EE26}.Release|Any CPU.ActiveCfg = Release|Any CPU
		{BB2DD6DB-3994-4E99-86A4-93999085EE26}.Release|Any CPU.Build.0 = Release|Any CPU
	EndGlobalSection
	GlobalSection(SolutionProperties) = preSolution
		HideSolutionNode = FALSE
	EndGlobalSection
EndGlobal
