
Microsoft Visual Studio Solution File, Format Version 12.00
# Visual Studio 2012
Project("{F2A71F9B-5D33-465A-A702-920D77279786}") = "task 26 (hashAll)", "task 26 (hashAll)\task 26 (hashAll).fsproj", "{CE363EDE-EAA5-4E9C-9691-2BEBA7452A1F}"
EndProject
Project("{F2A71F9B-5D33-465A-A702-920D77279786}") = "task 25 (hash function)", "..\task 25 (hash function)\task 25 (hash function).fsproj", "{E84A5E9B-EE1F-4606-ABAA-53A570A0CB28}"
EndProject
Global
	GlobalSection(SolutionConfigurationPlatforms) = preSolution
		Debug|Any CPU = Debug|Any CPU
		Release|Any CPU = Release|Any CPU
	EndGlobalSection
	GlobalSection(ProjectConfigurationPlatforms) = postSolution
		{CE363EDE-EAA5-4E9C-9691-2BEBA7452A1F}.Debug|Any CPU.ActiveCfg = Debug|Any CPU
		{CE363EDE-EAA5-4E9C-9691-2BEBA7452A1F}.Debug|Any CPU.Build.0 = Debug|Any CPU
		{CE363EDE-EAA5-4E9C-9691-2BEBA7452A1F}.Release|Any CPU.ActiveCfg = Release|Any CPU
		{CE363EDE-EAA5-4E9C-9691-2BEBA7452A1F}.Release|Any CPU.Build.0 = Release|Any CPU
		{E84A5E9B-EE1F-4606-ABAA-53A570A0CB28}.Debug|Any CPU.ActiveCfg = Debug|Any CPU
		{E84A5E9B-EE1F-4606-ABAA-53A570A0CB28}.Debug|Any CPU.Build.0 = Debug|Any CPU
		{E84A5E9B-EE1F-4606-ABAA-53A570A0CB28}.Release|Any CPU.ActiveCfg = Release|Any CPU
		{E84A5E9B-EE1F-4606-ABAA-53A570A0CB28}.Release|Any CPU.Build.0 = Release|Any CPU
	EndGlobalSection
	GlobalSection(SolutionProperties) = preSolution
		HideSolutionNode = FALSE
	EndGlobalSection
EndGlobal
