
Microsoft Visual Studio Solution File, Format Version 12.00
# Visual Studio 2012
Project("{F2A71F9B-5D33-465A-A702-920D77279786}") = "3", "3\3.fsproj", "{6212291C-C992-496E-A2AD-E9D2FAF9F653}"
EndProject
Project("{F2A71F9B-5D33-465A-A702-920D77279786}") = "Tests", "Tests\Tests.fsproj", "{4BD4C38C-8C48-4DA9-8A7F-A9A20D44FAC1}"
EndProject
Global
	GlobalSection(SolutionConfigurationPlatforms) = preSolution
		Debug|Any CPU = Debug|Any CPU
		Release|Any CPU = Release|Any CPU
	EndGlobalSection
	GlobalSection(ProjectConfigurationPlatforms) = postSolution
		{6212291C-C992-496E-A2AD-E9D2FAF9F653}.Debug|Any CPU.ActiveCfg = Debug|Any CPU
		{6212291C-C992-496E-A2AD-E9D2FAF9F653}.Debug|Any CPU.Build.0 = Debug|Any CPU
		{6212291C-C992-496E-A2AD-E9D2FAF9F653}.Release|Any CPU.ActiveCfg = Release|Any CPU
		{6212291C-C992-496E-A2AD-E9D2FAF9F653}.Release|Any CPU.Build.0 = Release|Any CPU
		{4BD4C38C-8C48-4DA9-8A7F-A9A20D44FAC1}.Debug|Any CPU.ActiveCfg = Debug|Any CPU
		{4BD4C38C-8C48-4DA9-8A7F-A9A20D44FAC1}.Debug|Any CPU.Build.0 = Debug|Any CPU
		{4BD4C38C-8C48-4DA9-8A7F-A9A20D44FAC1}.Release|Any CPU.ActiveCfg = Release|Any CPU
		{4BD4C38C-8C48-4DA9-8A7F-A9A20D44FAC1}.Release|Any CPU.Build.0 = Release|Any CPU
	EndGlobalSection
	GlobalSection(SolutionProperties) = preSolution
		HideSolutionNode = FALSE
	EndGlobalSection
EndGlobal
