
Microsoft Visual Studio Solution File, Format Version 12.00
# Visual Studio 2012
Project("{F2A71F9B-5D33-465A-A702-920D77279786}") = "Task28_ListOfTree", "Task28_ListOfTree\Task28_ListOfTree.fsproj", "{80D13628-3297-434C-9D13-AAC64CB5C89A}"
EndProject
Project("{F2A71F9B-5D33-465A-A702-920D77279786}") = "Task27_Tree", "..\Task27_Tree\Task27_Tree\Task27_Tree.fsproj", "{40D419A3-6AE5-4339-B8B9-590683E33A82}"
EndProject
Global
	GlobalSection(SolutionConfigurationPlatforms) = preSolution
		Debug|Any CPU = Debug|Any CPU
		Release|Any CPU = Release|Any CPU
	EndGlobalSection
	GlobalSection(ProjectConfigurationPlatforms) = postSolution
		{80D13628-3297-434C-9D13-AAC64CB5C89A}.Debug|Any CPU.ActiveCfg = Debug|Any CPU
		{80D13628-3297-434C-9D13-AAC64CB5C89A}.Debug|Any CPU.Build.0 = Debug|Any CPU
		{80D13628-3297-434C-9D13-AAC64CB5C89A}.Release|Any CPU.ActiveCfg = Release|Any CPU
		{80D13628-3297-434C-9D13-AAC64CB5C89A}.Release|Any CPU.Build.0 = Release|Any CPU
		{40D419A3-6AE5-4339-B8B9-590683E33A82}.Debug|Any CPU.ActiveCfg = Debug|Any CPU
		{40D419A3-6AE5-4339-B8B9-590683E33A82}.Debug|Any CPU.Build.0 = Debug|Any CPU
		{40D419A3-6AE5-4339-B8B9-590683E33A82}.Release|Any CPU.ActiveCfg = Release|Any CPU
		{40D419A3-6AE5-4339-B8B9-590683E33A82}.Release|Any CPU.Build.0 = Release|Any CPU
	EndGlobalSection
	GlobalSection(SolutionProperties) = preSolution
		HideSolutionNode = FALSE
	EndGlobalSection
EndGlobal
